// !$*UTF8*$!
{
	archiveVersion = 1;
	classes = {
	};
	objectVersion = 46;
	objects = {

/* Begin PBXBuildFile section */
		175256F31D8B094200B432B9 /* BFRIndexPathSnapDistance.m in Sources */ = {isa = PBXBuildFile; fileRef = 175256F21D8B094200B432B9 /* BFRIndexPathSnapDistance.m */; };
		1752571F1D8B1EAA00B432B9 /* ASTableNode+BFRReorder.m in Sources */ = {isa = PBXBuildFile; fileRef = 1752571E1D8B1EAA00B432B9 /* ASTableNode+BFRReorder.m */; };
		175257221D8B27A300B432B9 /* BFRReorderController.m in Sources */ = {isa = PBXBuildFile; fileRef = 175257211D8B27A300B432B9 /* BFRReorderController.m */; };
		17B7C37B1D89E607008EFA56 /* main.m in Sources */ = {isa = PBXBuildFile; fileRef = 17B7C37A1D89E607008EFA56 /* main.m */; };
		17B7C37E1D89E607008EFA56 /* AppDelegate.m in Sources */ = {isa = PBXBuildFile; fileRef = 17B7C37D1D89E607008EFA56 /* AppDelegate.m */; };
		17B7C3811D89E607008EFA56 /* ViewController.m in Sources */ = {isa = PBXBuildFile; fileRef = 17B7C3801D89E607008EFA56 /* ViewController.m */; };
		17B7C3861D89E607008EFA56 /* Assets.xcassets in Resources */ = {isa = PBXBuildFile; fileRef = 17B7C3851D89E607008EFA56 /* Assets.xcassets */; };
		17B7C3891D89E607008EFA56 /* LaunchScreen.storyboard in Resources */ = {isa = PBXBuildFile; fileRef = 17B7C3871D89E607008EFA56 /* LaunchScreen.storyboard */; };
		17F2F4CB1D8AE4DE00528796 /* BFRReorderState.m in Sources */ = {isa = PBXBuildFile; fileRef = 17F2F4CA1D8AE4DE00528796 /* BFRReorderState.m */; };
		84BD1DFDBDEAE2105F0B9505 /* libPods-BFRTableReorder.a in Frameworks */ = {isa = PBXBuildFile; fileRef = 538C9490B74E01D6087030E3 /* libPods-BFRTableReorder.a */; };
/* End PBXBuildFile section */

/* Begin PBXFileReference section */
		175256F11D8B094200B432B9 /* BFRIndexPathSnapDistance.h */ = {isa = PBXFileReference; fileEncoding = 4; lastKnownFileType = sourcecode.c.h; path = BFRIndexPathSnapDistance.h; sourceTree = "<group>"; };
		175256F21D8B094200B432B9 /* BFRIndexPathSnapDistance.m */ = {isa = PBXFileReference; fileEncoding = 4; lastKnownFileType = sourcecode.c.objc; path = BFRIndexPathSnapDistance.m; sourceTree = "<group>"; };
		1752571D1D8B1EAA00B432B9 /* ASTableNode+BFRReorder.h */ = {isa = PBXFileReference; fileEncoding = 4; lastKnownFileType = sourcecode.c.h; path = "ASTableNode+BFRReorder.h"; sourceTree = "<group>"; };
		1752571E1D8B1EAA00B432B9 /* ASTableNode+BFRReorder.m */ = {isa = PBXFileReference; fileEncoding = 4; lastKnownFileType = sourcecode.c.objc; path = "ASTableNode+BFRReorder.m"; sourceTree = "<group>"; };
		175257201D8B27A300B432B9 /* BFRReorderController.h */ = {isa = PBXFileReference; fileEncoding = 4; lastKnownFileType = sourcecode.c.h; path = BFRReorderController.h; sourceTree = "<group>"; };
		175257211D8B27A300B432B9 /* BFRReorderController.m */ = {isa = PBXFileReference; fileEncoding = 4; lastKnownFileType = sourcecode.c.objc; path = BFRReorderController.m; sourceTree = "<group>"; };
		17B7C3761D89E607008EFA56 /* BFRTableReorder.app */ = {isa = PBXFileReference; explicitFileType = wrapper.application; includeInIndex = 0; path = BFRTableReorder.app; sourceTree = BUILT_PRODUCTS_DIR; };
		17B7C37A1D89E607008EFA56 /* main.m */ = {isa = PBXFileReference; lastKnownFileType = sourcecode.c.objc; path = main.m; sourceTree = "<group>"; };
		17B7C37C1D89E607008EFA56 /* AppDelegate.h */ = {isa = PBXFileReference; lastKnownFileType = sourcecode.c.h; path = AppDelegate.h; sourceTree = "<group>"; };
		17B7C37D1D89E607008EFA56 /* AppDelegate.m */ = {isa = PBXFileReference; lastKnownFileType = sourcecode.c.objc; path = AppDelegate.m; sourceTree = "<group>"; };
		17B7C37F1D89E607008EFA56 /* ViewController.h */ = {isa = PBXFileReference; lastKnownFileType = sourcecode.c.h; path = ViewController.h; sourceTree = "<group>"; };
		17B7C3801D89E607008EFA56 /* ViewController.m */ = {isa = PBXFileReference; lastKnownFileType = sourcecode.c.objc; path = ViewController.m; sourceTree = "<group>"; };
		17B7C3851D89E607008EFA56 /* Assets.xcassets */ = {isa = PBXFileReference; lastKnownFileType = folder.assetcatalog; path = Assets.xcassets; sourceTree = "<group>"; };
		17B7C3881D89E607008EFA56 /* Base */ = {isa = PBXFileReference; lastKnownFileType = file.storyboard; name = Base; path = Base.lproj/LaunchScreen.storyboard; sourceTree = "<group>"; };
		17B7C38A1D89E607008EFA56 /* Info.plist */ = {isa = PBXFileReference; lastKnownFileType = text.plist.xml; path = Info.plist; sourceTree = "<group>"; };
		17F2F4C91D8AE4DE00528796 /* BFRReorderState.h */ = {isa = PBXFileReference; fileEncoding = 4; lastKnownFileType = sourcecode.c.h; path = BFRReorderState.h; sourceTree = "<group>"; };
		17F2F4CA1D8AE4DE00528796 /* BFRReorderState.m */ = {isa = PBXFileReference; fileEncoding = 4; lastKnownFileType = sourcecode.c.objc; path = BFRReorderState.m; sourceTree = "<group>"; };
		4D1B6FEC57BD57833D657311 /* Pods-BFRTableReorder.debug.xcconfig */ = {isa = PBXFileReference; includeInIndex = 1; lastKnownFileType = text.xcconfig; name = "Pods-BFRTableReorder.debug.xcconfig"; path = "Pods/Target Support Files/Pods-BFRTableReorder/Pods-BFRTableReorder.debug.xcconfig"; sourceTree = "<group>"; };
		538C9490B74E01D6087030E3 /* libPods-BFRTableReorder.a */ = {isa = PBXFileReference; explicitFileType = archive.ar; includeInIndex = 0; path = "libPods-BFRTableReorder.a"; sourceTree = BUILT_PRODUCTS_DIR; };
		C4ED34D8A10C3819A129EABC /* Pods-BFRTableReorder.release.xcconfig */ = {isa = PBXFileReference; includeInIndex = 1; lastKnownFileType = text.xcconfig; name = "Pods-BFRTableReorder.release.xcconfig"; path = "Pods/Target Support Files/Pods-BFRTableReorder/Pods-BFRTableReorder.release.xcconfig"; sourceTree = "<group>"; };
/* End PBXFileReference section */

/* Begin PBXFrameworksBuildPhase section */
		17B7C3731D89E607008EFA56 /* Frameworks */ = {
			isa = PBXFrameworksBuildPhase;
			buildActionMask = 2147483647;
			files = (
				84BD1DFDBDEAE2105F0B9505 /* libPods-BFRTableReorder.a in Frameworks */,
			);
			runOnlyForDeploymentPostprocessing = 0;
		};
/* End PBXFrameworksBuildPhase section */

/* Begin PBXGroup section */
		17B7C36D1D89E607008EFA56 = {
			isa = PBXGroup;
			children = (
				17B7C3901D89E6BE008EFA56 /* ReorderSource */,
				17B7C3781D89E607008EFA56 /* BFRTableReorder */,
				17B7C3771D89E607008EFA56 /* Products */,
				629703B8C361CA815E919947 /* Pods */,
				D2B875D571312C81B20073FB /* Frameworks */,
			);
			sourceTree = "<group>";
		};
		17B7C3771D89E607008EFA56 /* Products */ = {
			isa = PBXGroup;
			children = (
				17B7C3761D89E607008EFA56 /* BFRTableReorder.app */,
			);
			name = Products;
			sourceTree = "<group>";
		};
		17B7C3781D89E607008EFA56 /* BFRTableReorder */ = {
			isa = PBXGroup;
			children = (
				17B7C37C1D89E607008EFA56 /* AppDelegate.h */,
				17B7C37D1D89E607008EFA56 /* AppDelegate.m */,
				17B7C37F1D89E607008EFA56 /* ViewController.h */,
				17B7C3801D89E607008EFA56 /* ViewController.m */,
				17B7C3851D89E607008EFA56 /* Assets.xcassets */,
				17B7C3871D89E607008EFA56 /* LaunchScreen.storyboard */,
				17B7C38A1D89E607008EFA56 /* Info.plist */,
				17B7C3791D89E607008EFA56 /* Supporting Files */,
			);
			path = BFRTableReorder;
			sourceTree = "<group>";
		};
		17B7C3791D89E607008EFA56 /* Supporting Files */ = {
			isa = PBXGroup;
			children = (
				17B7C37A1D89E607008EFA56 /* main.m */,
			);
			name = "Supporting Files";
			sourceTree = "<group>";
		};
		17B7C3901D89E6BE008EFA56 /* ReorderSource */ = {
			isa = PBXGroup;
			children = (
				1752571D1D8B1EAA00B432B9 /* ASTableNode+BFRReorder.h */,
				1752571E1D8B1EAA00B432B9 /* ASTableNode+BFRReorder.m */,
				175257201D8B27A300B432B9 /* BFRReorderController.h */,
				175257211D8B27A300B432B9 /* BFRReorderController.m */,
				17F2F4C91D8AE4DE00528796 /* BFRReorderState.h */,
				17F2F4CA1D8AE4DE00528796 /* BFRReorderState.m */,
				175256F11D8B094200B432B9 /* BFRIndexPathSnapDistance.h */,
				175256F21D8B094200B432B9 /* BFRIndexPathSnapDistance.m */,
			);
			path = ReorderSource;
			sourceTree = "<group>";
		};
		629703B8C361CA815E919947 /* Pods */ = {
			isa = PBXGroup;
			children = (
				4D1B6FEC57BD57833D657311 /* Pods-BFRTableReorder.debug.xcconfig */,
				C4ED34D8A10C3819A129EABC /* Pods-BFRTableReorder.release.xcconfig */,
			);
			name = Pods;
			sourceTree = "<group>";
		};
		D2B875D571312C81B20073FB /* Frameworks */ = {
			isa = PBXGroup;
			children = (
				538C9490B74E01D6087030E3 /* libPods-BFRTableReorder.a */,
			);
			name = Frameworks;
			sourceTree = "<group>";
		};
/* End PBXGroup section */

/* Begin PBXNativeTarget section */
		17B7C3751D89E607008EFA56 /* BFRTableReorder */ = {
			isa = PBXNativeTarget;
			buildConfigurationList = 17B7C38D1D89E607008EFA56 /* Build configuration list for PBXNativeTarget "BFRTableReorder" */;
			buildPhases = (
				50E3412196D4D5C710E97D01 /* [CP] Check Pods Manifest.lock */,
				17B7C3721D89E607008EFA56 /* Sources */,
				17B7C3731D89E607008EFA56 /* Frameworks */,
				17B7C3741D89E607008EFA56 /* Resources */,
				6BCBAF935A0F057666800401 /* [CP] Embed Pods Frameworks */,
				0105B7EAFFC01B8FEF6DBE1F /* [CP] Copy Pods Resources */,
			);
			buildRules = (
			);
			dependencies = (
			);
			name = BFRTableReorder;
			productName = BFRTableReorder;
			productReference = 17B7C3761D89E607008EFA56 /* BFRTableReorder.app */;
			productType = "com.apple.product-type.application";
		};
/* End PBXNativeTarget section */

/* Begin PBXProject section */
		17B7C36E1D89E607008EFA56 /* Project object */ = {
			isa = PBXProject;
			attributes = {
				LastUpgradeCheck = 0820;
				ORGANIZATIONNAME = "Dreaming In Binary, LLC";
				TargetAttributes = {
					17B7C3751D89E607008EFA56 = {
						CreatedOnToolsVersion = 8.0;
						DevelopmentTeam = UYDA63C4EC;
						ProvisioningStyle = Automatic;
					};
				};
			};
			buildConfigurationList = 17B7C3711D89E607008EFA56 /* Build configuration list for PBXProject "BFRTableReorder" */;
			compatibilityVersion = "Xcode 3.2";
			developmentRegion = English;
			hasScannedForEncodings = 0;
			knownRegions = (
				en,
				Base,
			);
			mainGroup = 17B7C36D1D89E607008EFA56;
			productRefGroup = 17B7C3771D89E607008EFA56 /* Products */;
			projectDirPath = "";
			projectRoot = "";
			targets = (
				17B7C3751D89E607008EFA56 /* BFRTableReorder */,
			);
		};
/* End PBXProject section */

/* Begin PBXResourcesBuildPhase section */
		17B7C3741D89E607008EFA56 /* Resources */ = {
			isa = PBXResourcesBuildPhase;
			buildActionMask = 2147483647;
			files = (
				17B7C3891D89E607008EFA56 /* LaunchScreen.storyboard in Resources */,
				17B7C3861D89E607008EFA56 /* Assets.xcassets in Resources */,
			);
			runOnlyForDeploymentPostprocessing = 0;
		};
/* End PBXResourcesBuildPhase section */

/* Begin PBXShellScriptBuildPhase section */
		0105B7EAFFC01B8FEF6DBE1F /* [CP] Copy Pods Resources */ = {
			isa = PBXShellScriptBuildPhase;
			buildActionMask = 2147483647;
			files = (
			);
			inputPaths = (
			);
			name = "[CP] Copy Pods Resources";
			outputPaths = (
			);
			runOnlyForDeploymentPostprocessing = 0;
			shellPath = /bin/sh;
			shellScript = "\"${SRCROOT}/Pods/Target Support Files/Pods-BFRTableReorder/Pods-BFRTableReorder-resources.sh\"\n";
			showEnvVarsInLog = 0;
		};
		50E3412196D4D5C710E97D01 /* [CP] Check Pods Manifest.lock */ = {
			isa = PBXShellScriptBuildPhase;
			buildActionMask = 2147483647;
			files = (
			);
			inputPaths = (
			);
			name = "[CP] Check Pods Manifest.lock";
			outputPaths = (
			);
			runOnlyForDeploymentPostprocessing = 0;
			shellPath = /bin/sh;
			shellScript = "diff \"${PODS_ROOT}/../Podfile.lock\" \"${PODS_ROOT}/Manifest.lock\" > /dev/null\nif [ $? != 0 ] ; then\n    # print error to STDERR\n    echo \"error: The sandbox is not in sync with the Podfile.lock. Run 'pod install' or update your CocoaPods installation.\" >&2\n    exit 1\nfi\n";
			showEnvVarsInLog = 0;
		};
		6BCBAF935A0F057666800401 /* [CP] Embed Pods Frameworks */ = {
			isa = PBXShellScriptBuildPhase;
			buildActionMask = 2147483647;
			files = (
			);
			inputPaths = (
			);
			name = "[CP] Embed Pods Frameworks";
			outputPaths = (
			);
			runOnlyForDeploymentPostprocessing = 0;
			shellPath = /bin/sh;
			shellScript = "\"${SRCROOT}/Pods/Target Support Files/Pods-BFRTableReorder/Pods-BFRTableReorder-frameworks.sh\"\n";
			showEnvVarsInLog = 0;
		};
/* End PBXShellScriptBuildPhase section */

/* Begin PBXSourcesBuildPhase section */
		17B7C3721D89E607008EFA56 /* Sources */ = {
			isa = PBXSourcesBuildPhase;
			buildActionMask = 2147483647;
			files = (
				17F2F4CB1D8AE4DE00528796 /* BFRReorderState.m in Sources */,
				175257221D8B27A300B432B9 /* BFRReorderController.m in Sources */,
				175256F31D8B094200B432B9 /* BFRIndexPathSnapDistance.m in Sources */,
				1752571F1D8B1EAA00B432B9 /* ASTableNode+BFRReorder.m in Sources */,
				17B7C3811D89E607008EFA56 /* ViewController.m in Sources */,
				17B7C37E1D89E607008EFA56 /* AppDelegate.m in Sources */,
				17B7C37B1D89E607008EFA56 /* main.m in Sources */,
			);
			runOnlyForDeploymentPostprocessing = 0;
		};
/* End PBXSourcesBuildPhase section */

/* Begin PBXVariantGroup section */
		17B7C3871D89E607008EFA56 /* LaunchScreen.storyboard */ = {
			isa = PBXVariantGroup;
			children = (
				17B7C3881D89E607008EFA56 /* Base */,
			);
			name = LaunchScreen.storyboard;
			sourceTree = "<group>";
		};
/* End PBXVariantGroup section */

/* Begin XCBuildConfiguration section */
		17B7C38B1D89E607008EFA56 /* Debug */ = {
			isa = XCBuildConfiguration;
			buildSettings = {
				ALWAYS_SEARCH_USER_PATHS = NO;
				CLANG_ANALYZER_NONNULL = YES;
				CLANG_CXX_LANGUAGE_STANDARD = "gnu++0x";
				CLANG_CXX_LIBRARY = "libc++";
				CLANG_ENABLE_MODULES = YES;
				CLANG_ENABLE_OBJC_ARC = YES;
				CLANG_WARN_BOOL_CONVERSION = YES;
				CLANG_WARN_CONSTANT_CONVERSION = YES;
				CLANG_WARN_DIRECT_OBJC_ISA_USAGE = YES_ERROR;
				CLANG_WARN_DOCUMENTATION_COMMENTS = YES;
				CLANG_WARN_EMPTY_BODY = YES;
				CLANG_WARN_ENUM_CONVERSION = YES;
				CLANG_WARN_INFINITE_RECURSION = YES;
				CLANG_WARN_INT_CONVERSION = YES;
				CLANG_WARN_OBJC_ROOT_CLASS = YES_ERROR;
				CLANG_WARN_SUSPICIOUS_MOVE = YES;
				CLANG_WARN_SUSPICIOUS_MOVES = YES;
				CLANG_WARN_UNREACHABLE_CODE = YES;
				CLANG_WARN__DUPLICATE_METHOD_MATCH = YES;
				"CODE_SIGN_IDENTITY[sdk=iphoneos*]" = "iPhone Developer";
				COPY_PHASE_STRIP = NO;
				DEBUG_INFORMATION_FORMAT = dwarf;
				ENABLE_STRICT_OBJC_MSGSEND = YES;
				ENABLE_TESTABILITY = YES;
				GCC_C_LANGUAGE_STANDARD = gnu99;
				GCC_DYNAMIC_NO_PIC = NO;
				GCC_NO_COMMON_BLOCKS = YES;
				GCC_OPTIMIZATION_LEVEL = 0;
				GCC_PREPROCESSOR_DEFINITIONS = (
					"DEBUG=1",
					"$(inherited)",
				);
				GCC_WARN_64_TO_32_BIT_CONVERSION = YES;
				GCC_WARN_ABOUT_RETURN_TYPE = YES_ERROR;
				GCC_WARN_UNDECLARED_SELECTOR = YES;
				GCC_WARN_UNINITIALIZED_AUTOS = YES_AGGRESSIVE;
				GCC_WARN_UNUSED_FUNCTION = YES;
				GCC_WARN_UNUSED_VARIABLE = YES;
				IPHONEOS_DEPLOYMENT_TARGET = 9.0;
				MTL_ENABLE_DEBUG_INFO = YES;
				ONLY_ACTIVE_ARCH = YES;
				SDKROOT = iphoneos;
				TARGETED_DEVICE_FAMILY = "1,2";
			};
			name = Debug;
		};
		17B7C38C1D89E607008EFA56 /* Release */ = {
			isa = XCBuildConfiguration;
			buildSettings = {
				ALWAYS_SEARCH_USER_PATHS = NO;
				CLANG_ANALYZER_NONNULL = YES;
				CLANG_CXX_LANGUAGE_STANDARD = "gnu++0x";
				CLANG_CXX_LIBRARY = "libc++";
				CLANG_ENABLE_MODULES = YES;
				CLANG_ENABLE_OBJC_ARC = YES;
				CLANG_WARN_BOOL_CONVERSION = YES;
				CLANG_WARN_CONSTANT_CONVERSION = YES;
				CLANG_WARN_DIRECT_OBJC_ISA_USAGE = YES_ERROR;
				CLANG_WARN_DOCUMENTATION_COMMENTS = YES;
				CLANG_WARN_EMPTY_BODY = YES;
				CLANG_WARN_ENUM_CONVERSION = YES;
				CLANG_WARN_INFINITE_RECURSION = YES;
				CLANG_WARN_INT_CONVERSION = YES;
				CLANG_WARN_OBJC_ROOT_CLASS = YES_ERROR;
				CLANG_WARN_SUSPICIOUS_MOVE = YES;
				CLANG_WARN_SUSPICIOUS_MOVES = YES;
				CLANG_WARN_UNREACHABLE_CODE = YES;
				CLANG_WARN__DUPLICATE_METHOD_MATCH = YES;
				"CODE_SIGN_IDENTITY[sdk=iphoneos*]" = "iPhone Developer";
				COPY_PHASE_STRIP = NO;
				DEBUG_INFORMATION_FORMAT = "dwarf-with-dsym";
				ENABLE_NS_ASSERTIONS = NO;
				ENABLE_STRICT_OBJC_MSGSEND = YES;
				GCC_C_LANGUAGE_STANDARD = gnu99;
				GCC_NO_COMMON_BLOCKS = YES;
				GCC_WARN_64_TO_32_BIT_CONVERSION = YES;
				GCC_WARN_ABOUT_RETURN_TYPE = YES_ERROR;
				GCC_WARN_UNDECLARED_SELECTOR = YES;
				GCC_WARN_UNINITIALIZED_AUTOS = YES_AGGRESSIVE;
				GCC_WARN_UNUSED_FUNCTION = YES;
				GCC_WARN_UNUSED_VARIABLE = YES;
				IPHONEOS_DEPLOYMENT_TARGET = 9.0;
				MTL_ENABLE_DEBUG_INFO = NO;
				SDKROOT = iphoneos;
				TARGETED_DEVICE_FAMILY = "1,2";
				VALIDATE_PRODUCT = YES;
			};
			name = Release;
		};
		17B7C38E1D89E607008EFA56 /* Debug */ = {
			isa = XCBuildConfiguration;
			baseConfigurationReference = 4D1B6FEC57BD57833D657311 /* Pods-BFRTableReorder.debug.xcconfig */;
			buildSettings = {
				ASSETCATALOG_COMPILER_APPICON_NAME = AppIcon;
				DEVELOPMENT_TEAM = UYDA63C4EC;
				INFOPLIST_FILE = BFRTableReorder/Info.plist;
				LD_RUNPATH_SEARCH_PATHS = "$(inherited) @executable_path/Frameworks";
				PRODUCT_BUNDLE_IDENTIFIER = com.buffer.tableorder.BFRTableReorder;
				PRODUCT_NAME = "$(TARGET_NAME)";
			};
			name = Debug;
		};
		17B7C38F1D89E607008EFA56 /* Release */ = {
			isa = XCBuildConfiguration;
			baseConfigurationReference = C4ED34D8A10C3819A129EABC /* Pods-BFRTableReorder.release.xcconfig */;
			buildSettings = {
				ASSETCATALOG_COMPILER_APPICON_NAME = AppIcon;
				DEVELOPMENT_TEAM = UYDA63C4EC;
				INFOPLIST_FILE = BFRTableReorder/Info.plist;
				LD_RUNPATH_SEARCH_PATHS = "$(inherited) @executable_path/Frameworks";
				PRODUCT_BUNDLE_IDENTIFIER = com.buffer.tableorder.BFRTableReorder;
				PRODUCT_NAME = "$(TARGET_NAME)";
			};
			name = Release;
		};
/* End XCBuildConfiguration section */

/* Begin XCConfigurationList section */
		17B7C3711D89E607008EFA56 /* Build configuration list for PBXProject "BFRTableReorder" */ = {
			isa = XCConfigurationList;
			buildConfigurations = (
				17B7C38B1D89E607008EFA56 /* Debug */,
				17B7C38C1D89E607008EFA56 /* Release */,
			);
			defaultConfigurationIsVisible = 0;
			defaultConfigurationName = Release;
		};
		17B7C38D1D89E607008EFA56 /* Build configuration list for PBXNativeTarget "BFRTableReorder" */ = {
			isa = XCConfigurationList;
			buildConfigurations = (
				17B7C38E1D89E607008EFA56 /* Debug */,
				17B7C38F1D89E607008EFA56 /* Release */,
			);
			defaultConfigurationIsVisible = 0;
			defaultConfigurationName = Release;
		};
/* End XCConfigurationList section */
	};
	rootObject = 17B7C36E1D89E607008EFA56 /* Project object */;
}
